# This file is autogenerated, do not edit; changes may be undone by the next 'dep ensure'.


[[projects]]
  branch = "master"
  digest = "1:9cea556de83867adf45b8dbc06a23840fbaf310c62f2ebab1737d1131eb21707"
  name = "github.com/JoelOtter/termloop"
  packages = ["."]
  pruneopts = "UT"
  revision = "1c1651ed36255c49d7f7468e0519b02eab2d4626"

[[projects]]
  digest = "1:0356f3312c9bd1cbeda81505b7fd437501d8e778ab66998ef69f00d7f9b3a0d7"
  name = "github.com/mattn/go-runewidth"
  packages = ["."]
  pruneopts = "UT"
  revision = "3ee7d812e62a0804a7d0a324e0249ca2db3476d3"
  version = "v0.0.4"

[[projects]]
  branch = "master"
  digest = "1:f70e9460c913251190917efb3e565f01b13cd190dc1aabe7a83f7b0a260fb54f"
  name = "github.com/nsf/termbox-go"
  packages = ["."]
  pruneopts = "UT"
  revision = "eeb6cd0a176293eeb2c69270d83835972e3567bc"

[solve-meta]
  analyzer-name = "dep"
  analyzer-version = 1
  input-imports = ["github.com/JoelOtter/termloop"]
  solver-name = "gps-cdcl"
  solver-version = 1
